
Microsoft Visual Studio Solution File, Format Version 12.00
# Visual Studio Version 17
VisualStudioVersion = 17.7.34018.315
MinimumVisualStudioVersion = 10.0.40219.1
Project("{FAE04EC0-301F-11D3-BF4B-00C04F79EFBC}") = "WS_LR1", "WS_LR1\WS_LR1.csproj", "{B474E2B4-8504-409B-B71E-575CDE56079E}"
EndProject
Global
	GlobalSection(SolutionConfigurationPlatforms) = preSolution
		Debug|Any CPU = Debug|Any CPU
		Release|Any CPU = Release|Any CPU
	EndGlobalSection
	GlobalSection(ProjectConfigurationPlatforms) = postSolution
		{B474E2B4-8504-409B-B71E-575CDE56079E}.Debug|Any CPU.ActiveCfg = Debug|Any CPU
		{B474E2B4-8504-409B-B71E-575CDE56079E}.Debug|Any CPU.Build.0 = Debug|Any CPU
		{B474E2B4-8504-409B-B71E-575CDE56079E}.Release|Any CPU.ActiveCfg = Release|Any CPU
		{B474E2B4-8504-409B-B71E-575CDE56079E}.Release|Any CPU.Build.0 = Release|Any CPU
	EndGlobalSection
	GlobalSection(SolutionProperties) = preSolution
		HideSolutionNode = FALSE
	EndGlobalSection
	GlobalSection(ExtensibilityGlobals) = postSolution
		SolutionGuid = {DDDCFA46-912D-4BE4-AD8E-24951E8A3B1A}
	EndGlobalSection
EndGlobal
